
Microsoft Visual Studio Solution File, Format Version 12.00
# Visual Studio 2013
VisualStudioVersion = 12.0.21005.1
MinimumVisualStudioVersion = 10.0.40219.1
Project("{FAE04EC0-301F-11D3-BF4B-00C04F79EFBC}") = "DotNet.Common", "DotNet.Common\DotNet.Common.csproj", "{55E1D54C-FBD4-4D79-97BB-A0F00DC14FB7}"
EndProject
Project("{FAE04EC0-301F-11D3-BF4B-00C04F79EFBC}") = "DotNet.Data", "DotNet.Data\DotNet.Data.csproj", "{53E3C58A-E08F-4594-A9ED-5EC9A0D97085}"
EndProject
Project("{FAE04EC0-301F-11D3-BF4B-00C04F79EFBC}") = "DotNet.IoC", "DotNet.IoC\DotNet.IoC.csproj", "{14CB43B9-12F3-49B9-9994-1E9F99BDFF69}"
EndProject
Project("{FAE04EC0-301F-11D3-BF4B-00C04F79EFBC}") = "DotNet.WebSite.Infrastructure", "DotNet.WebSite.Infrastructure\DotNet.WebSite.Infrastructure.csproj", "{97EF491C-5E02-47CD-98D5-3A1BF437B145}"
EndProject
Project("{FAE04EC0-301F-11D3-BF4B-00C04F79EFBC}") = "DotNet.WebSite.MVC", "DotNet.WebSite.MVC\DotNet.WebSite.MVC.csproj", "{8D2A5FED-F2CD-473B-81A7-F89654CC3644}"
EndProject
Project("{FAE04EC0-301F-11D3-BF4B-00C04F79EFBC}") = "Microsoft.Practices.ServiceLocation", "Microsoft.Practices.ServiceLocation\Microsoft.Practices.ServiceLocation.csproj", "{FAF6D6B2-1EC9-4A1B-83BB-48F772E948CF}"
EndProject
Project("{2150E333-8FDC-42A3-9474-1A3956D46DE8}") = "Solution Items", "Solution Items", "{FC96EB87-59D7-4618-8D23-F7825CF95CD0}"
	ProjectSection(SolutionItems) = preProject
		readme.txt = readme.txt
	EndProjectSection
EndProject
Project("{2150E333-8FDC-42A3-9474-1A3956D46DE8}") = "CloudFarm", "CloudFarm", "{B93AF9C4-15EF-4E5B-A9C9-13D0B0DC6148}"
EndProject
Project("{FAE04EC0-301F-11D3-BF4B-00C04F79EFBC}") = "DotNet.CloudFarm.WebSite", "DotNet.CloudFarm.WebSite\DotNet.CloudFarm.WebSite.csproj", "{E8BE6E01-3C55-4495-B2E2-3EABD6D34093}"
EndProject
Project("{FAE04EC0-301F-11D3-BF4B-00C04F79EFBC}") = "DotNet.CloudFarm.Domain.ViewModel", "DotNet.CloudFarm.Domain.ViewModel\DotNet.CloudFarm.Domain.ViewModel.csproj", "{086488B7-67F1-4F13-BCC6-98C51B144D7D}"
EndProject
Project("{FAE04EC0-301F-11D3-BF4B-00C04F79EFBC}") = "DotNet.CloudFarm.Domain.Model", "DotNet.CloudFarm.Domain.Model\DotNet.CloudFarm.Domain.Model.csproj", "{BA5478CC-902C-49E0-A63C-6FF87553A240}"
EndProject
Project("{FAE04EC0-301F-11D3-BF4B-00C04F79EFBC}") = "DotNet.CloudFarm.Domain.Impl", "DotNet.CloudFarm.Domain.Impl\DotNet.CloudFarm.Domain.Impl.csproj", "{31B5B352-2D25-4103-A9A4-B1DA91DCA2BA}"
EndProject
Project("{FAE04EC0-301F-11D3-BF4B-00C04F79EFBC}") = "DotNet.CloudFarm.Domain.DTO", "DotNet.CloudFarm.Domain.DTO\DotNet.CloudFarm.Domain.DTO.csproj", "{D0893D9B-26C1-4EDB-A668-DA970AC8759F}"
EndProject
Project("{FAE04EC0-301F-11D3-BF4B-00C04F79EFBC}") = "DotNet.CloudFarm.Domain.Contract", "DotNet.CloudFarm.Domain.Contract\DotNet.CloudFarm.Domain.Contract.csproj", "{376A16E0-B3C6-477C-A295-4BC5E71E1AFF}"
EndProject
Project("{FAE04EC0-301F-11D3-BF4B-00C04F79EFBC}") = "DotNet.Identity", "DotNet.Identity\DotNet.Identity.csproj", "{365238B7-DE36-4172-B8C8-5004E9C0ECAF}"
EndProject
Global
	GlobalSection(SolutionConfigurationPlatforms) = preSolution
		Debug|Any CPU = Debug|Any CPU
		Release|Any CPU = Release|Any CPU
	EndGlobalSection
	GlobalSection(ProjectConfigurationPlatforms) = postSolution
		{55E1D54C-FBD4-4D79-97BB-A0F00DC14FB7}.Debug|Any CPU.ActiveCfg = Debug|Any CPU
		{55E1D54C-FBD4-4D79-97BB-A0F00DC14FB7}.Debug|Any CPU.Build.0 = Debug|Any CPU
		{55E1D54C-FBD4-4D79-97BB-A0F00DC14FB7}.Release|Any CPU.ActiveCfg = Release|Any CPU
		{55E1D54C-FBD4-4D79-97BB-A0F00DC14FB7}.Release|Any CPU.Build.0 = Release|Any CPU
		{53E3C58A-E08F-4594-A9ED-5EC9A0D97085}.Debug|Any CPU.ActiveCfg = Debug|Any CPU
		{53E3C58A-E08F-4594-A9ED-5EC9A0D97085}.Debug|Any CPU.Build.0 = Debug|Any CPU
		{53E3C58A-E08F-4594-A9ED-5EC9A0D97085}.Release|Any CPU.ActiveCfg = Release|Any CPU
		{53E3C58A-E08F-4594-A9ED-5EC9A0D97085}.Release|Any CPU.Build.0 = Release|Any CPU
		{14CB43B9-12F3-49B9-9994-1E9F99BDFF69}.Debug|Any CPU.ActiveCfg = Debug|Any CPU
		{14CB43B9-12F3-49B9-9994-1E9F99BDFF69}.Debug|Any CPU.Build.0 = Debug|Any CPU
		{14CB43B9-12F3-49B9-9994-1E9F99BDFF69}.Release|Any CPU.ActiveCfg = Release|Any CPU
		{14CB43B9-12F3-49B9-9994-1E9F99BDFF69}.Release|Any CPU.Build.0 = Release|Any CPU
		{97EF491C-5E02-47CD-98D5-3A1BF437B145}.Debug|Any CPU.ActiveCfg = Debug|Any CPU
		{97EF491C-5E02-47CD-98D5-3A1BF437B145}.Debug|Any CPU.Build.0 = Debug|Any CPU
		{97EF491C-5E02-47CD-98D5-3A1BF437B145}.Release|Any CPU.ActiveCfg = Release|Any CPU
		{97EF491C-5E02-47CD-98D5-3A1BF437B145}.Release|Any CPU.Build.0 = Release|Any CPU
		{8D2A5FED-F2CD-473B-81A7-F89654CC3644}.Debug|Any CPU.ActiveCfg = Debug|Any CPU
		{8D2A5FED-F2CD-473B-81A7-F89654CC3644}.Debug|Any CPU.Build.0 = Debug|Any CPU
		{8D2A5FED-F2CD-473B-81A7-F89654CC3644}.Release|Any CPU.ActiveCfg = Release|Any CPU
		{8D2A5FED-F2CD-473B-81A7-F89654CC3644}.Release|Any CPU.Build.0 = Release|Any CPU
		{FAF6D6B2-1EC9-4A1B-83BB-48F772E948CF}.Debug|Any CPU.ActiveCfg = Debug|Any CPU
		{FAF6D6B2-1EC9-4A1B-83BB-48F772E948CF}.Debug|Any CPU.Build.0 = Debug|Any CPU
		{FAF6D6B2-1EC9-4A1B-83BB-48F772E948CF}.Release|Any CPU.ActiveCfg = Release|Any CPU
		{FAF6D6B2-1EC9-4A1B-83BB-48F772E948CF}.Release|Any CPU.Build.0 = Release|Any CPU
		{E8BE6E01-3C55-4495-B2E2-3EABD6D34093}.Debug|Any CPU.ActiveCfg = Debug|Any CPU
		{E8BE6E01-3C55-4495-B2E2-3EABD6D34093}.Debug|Any CPU.Build.0 = Debug|Any CPU
		{E8BE6E01-3C55-4495-B2E2-3EABD6D34093}.Release|Any CPU.ActiveCfg = Release|Any CPU
		{E8BE6E01-3C55-4495-B2E2-3EABD6D34093}.Release|Any CPU.Build.0 = Release|Any CPU
		{086488B7-67F1-4F13-BCC6-98C51B144D7D}.Debug|Any CPU.ActiveCfg = Debug|Any CPU
		{086488B7-67F1-4F13-BCC6-98C51B144D7D}.Debug|Any CPU.Build.0 = Debug|Any CPU
		{086488B7-67F1-4F13-BCC6-98C51B144D7D}.Release|Any CPU.ActiveCfg = Release|Any CPU
		{086488B7-67F1-4F13-BCC6-98C51B144D7D}.Release|Any CPU.Build.0 = Release|Any CPU
		{BA5478CC-902C-49E0-A63C-6FF87553A240}.Debug|Any CPU.ActiveCfg = Debug|Any CPU
		{BA5478CC-902C-49E0-A63C-6FF87553A240}.Debug|Any CPU.Build.0 = Debug|Any CPU
		{BA5478CC-902C-49E0-A63C-6FF87553A240}.Release|Any CPU.ActiveCfg = Release|Any CPU
		{BA5478CC-902C-49E0-A63C-6FF87553A240}.Release|Any CPU.Build.0 = Release|Any CPU
		{31B5B352-2D25-4103-A9A4-B1DA91DCA2BA}.Debug|Any CPU.ActiveCfg = Debug|Any CPU
		{31B5B352-2D25-4103-A9A4-B1DA91DCA2BA}.Debug|Any CPU.Build.0 = Debug|Any CPU
		{31B5B352-2D25-4103-A9A4-B1DA91DCA2BA}.Release|Any CPU.ActiveCfg = Release|Any CPU
		{31B5B352-2D25-4103-A9A4-B1DA91DCA2BA}.Release|Any CPU.Build.0 = Release|Any CPU
		{D0893D9B-26C1-4EDB-A668-DA970AC8759F}.Debug|Any CPU.ActiveCfg = Debug|Any CPU
		{D0893D9B-26C1-4EDB-A668-DA970AC8759F}.Debug|Any CPU.Build.0 = Debug|Any CPU
		{D0893D9B-26C1-4EDB-A668-DA970AC8759F}.Release|Any CPU.ActiveCfg = Release|Any CPU
		{D0893D9B-26C1-4EDB-A668-DA970AC8759F}.Release|Any CPU.Build.0 = Release|Any CPU
		{376A16E0-B3C6-477C-A295-4BC5E71E1AFF}.Debug|Any CPU.ActiveCfg = Debug|Any CPU
		{376A16E0-B3C6-477C-A295-4BC5E71E1AFF}.Debug|Any CPU.Build.0 = Debug|Any CPU
		{376A16E0-B3C6-477C-A295-4BC5E71E1AFF}.Release|Any CPU.ActiveCfg = Release|Any CPU
		{376A16E0-B3C6-477C-A295-4BC5E71E1AFF}.Release|Any CPU.Build.0 = Release|Any CPU
		{365238B7-DE36-4172-B8C8-5004E9C0ECAF}.Debug|Any CPU.ActiveCfg = Debug|Any CPU
		{365238B7-DE36-4172-B8C8-5004E9C0ECAF}.Debug|Any CPU.Build.0 = Debug|Any CPU
		{365238B7-DE36-4172-B8C8-5004E9C0ECAF}.Release|Any CPU.ActiveCfg = Release|Any CPU
		{365238B7-DE36-4172-B8C8-5004E9C0ECAF}.Release|Any CPU.Build.0 = Release|Any CPU
	EndGlobalSection
	GlobalSection(SolutionProperties) = preSolution
		HideSolutionNode = FALSE
	EndGlobalSection
	GlobalSection(NestedProjects) = preSolution
		{E8BE6E01-3C55-4495-B2E2-3EABD6D34093} = {B93AF9C4-15EF-4E5B-A9C9-13D0B0DC6148}
		{086488B7-67F1-4F13-BCC6-98C51B144D7D} = {B93AF9C4-15EF-4E5B-A9C9-13D0B0DC6148}
		{BA5478CC-902C-49E0-A63C-6FF87553A240} = {B93AF9C4-15EF-4E5B-A9C9-13D0B0DC6148}
		{31B5B352-2D25-4103-A9A4-B1DA91DCA2BA} = {B93AF9C4-15EF-4E5B-A9C9-13D0B0DC6148}
		{D0893D9B-26C1-4EDB-A668-DA970AC8759F} = {B93AF9C4-15EF-4E5B-A9C9-13D0B0DC6148}
		{376A16E0-B3C6-477C-A295-4BC5E71E1AFF} = {B93AF9C4-15EF-4E5B-A9C9-13D0B0DC6148}
	EndGlobalSection
EndGlobal
